// !$*UTF8*$!
{
	archiveVersion = 1;
	classes = {
	};
	objectVersion = 77;
	objects = {

/* Begin PBXBuildFile section */
		0460136230045F6A00853817 /* Sparkle in Frameworks */ = {isa = PBXBuildFile; productRef = 0460136130045F6A00853817 /* Sparkle */; };
		0460137130045F6800853817 /* SwashQuickLookExtension.appex in Embed App Extensions */ = {isa = PBXBuildFile; fileRef = 0460137030045F6800853817 /* SwashQuickLookExtension.appex */; settings = {ATTRIBUTES = (RemoveHeadersOnCopy, ); }; };
		0460138130045F6800853817 /* SwashShareExtension.appex in Embed App Extensions */ = {isa = PBXBuildFile; fileRef = 0460138030045F6800853817 /* SwashShareExtension.appex */; settings = {ATTRIBUTES = (RemoveHeadersOnCopy, ); }; };
		0460139130045F6800853817 /* SwashThumbnailExtension.appex in Embed App Extensions */ = {isa = PBXBuildFile; fileRef = 0460139030045F6800853817 /* SwashThumbnailExtension.appex */; settings = {ATTRIBUTES = (RemoveHeadersOnCopy, ); }; };
		046013A130045F6800853817 /* SwashWidgetExtension.appex in Embed App Extensions */ = {isa = PBXBuildFile; fileRef = 046013A030045F6800853817 /* SwashWidgetExtension.appex */; settings = {ATTRIBUTES = (RemoveHeadersOnCopy, ); }; };
/* End PBXBuildFile section */

/* Begin PBXContainerItemProxy section */
		0460137230045F6800853817 /* PBXContainerItemProxy */ = {
			isa = PBXContainerItemProxy;
			containerPortal = 0460133830045F6800853817 /* Project object */;
			proxyType = 1;
			remoteGlobalIDString = 0460137330045F6800853817;
			remoteInfo = SwashQuickLookExtension;
		};
		0460138230045F6800853817 /* PBXContainerItemProxy */ = {
			isa = PBXContainerItemProxy;
			containerPortal = 0460133830045F6800853817 /* Project object */;
			proxyType = 1;
			remoteGlobalIDString = 0460138330045F6800853817;
			remoteInfo = SwashShareExtension;
		};
		0460139230045F6800853817 /* PBXContainerItemProxy */ = {
			isa = PBXContainerItemProxy;
			containerPortal = 0460133830045F6800853817 /* Project object */;
			proxyType = 1;
			remoteGlobalIDString = 0460139330045F6800853817;
			remoteInfo = SwashThumbnailExtension;
		};
		046013A230045F6800853817 /* PBXContainerItemProxy */ = {
			isa = PBXContainerItemProxy;
			containerPortal = 0460133830045F6800853817 /* Project object */;
			proxyType = 1;
			remoteGlobalIDString = 046013A330045F6800853817;
			remoteInfo = SwashWidgetExtension;
		};
/* End PBXContainerItemProxy section */

/* Begin PBXCopyFilesBuildPhase section */
		0460137530045F6800853817 /* Embed App Extensions */ = {
			isa = PBXCopyFilesBuildPhase;
			buildActionMask = 2147483647;
			dstPath = "";
			dstSubfolderSpec = 13;
			files = (
				0460137130045F6800853817 /* SwashQuickLookExtension.appex in Embed App Extensions */,
				0460138130045F6800853817 /* SwashShareExtension.appex in Embed App Extensions */,
				0460139130045F6800853817 /* SwashThumbnailExtension.appex in Embed App Extensions */,
				046013A130045F6800853817 /* SwashWidgetExtension.appex in Embed App Extensions */,
			);
			name = "Embed App Extensions";
			runOnlyForDeploymentPostprocessing = 0;
		};
/* End PBXCopyFilesBuildPhase section */

/* Begin PBXFileReference section */
		0460134030045F6800853817 /* Swash.app */ = {isa = PBXFileReference; explicitFileType = wrapper.application; includeInIndex = 0; path = Swash.app; sourceTree = BUILT_PRODUCTS_DIR; };
		0460137030045F6800853817 /* SwashQuickLookExtension.appex */ = {isa = PBXFileReference; explicitFileType = "wrapper.app-extension"; includeInIndex = 0; path = SwashQuickLookExtension.appex; sourceTree = BUILT_PRODUCTS_DIR; };
		0460138030045F6800853817 /* SwashShareExtension.appex */ = {isa = PBXFileReference; explicitFileType = "wrapper.app-extension"; includeInIndex = 0; path = SwashShareExtension.appex; sourceTree = BUILT_PRODUCTS_DIR; };
		0460139030045F6800853817 /* SwashThumbnailExtension.appex */ = {isa = PBXFileReference; explicitFileType = "wrapper.app-extension"; includeInIndex = 0; path = SwashThumbnailExtension.appex; sourceTree = BUILT_PRODUCTS_DIR; };
		046013A030045F6800853817 /* SwashWidgetExtension.appex */ = {isa = PBXFileReference; explicitFileType = "wrapper.app-extension"; includeInIndex = 0; path = SwashWidgetExtension.appex; sourceTree = BUILT_PRODUCTS_DIR; };
/* End PBXFileReference section */

/* Begin PBXFileSystemSynchronizedBuildFileExceptionSet section */
		0460134C30045F6A00853817 /* Exceptions for "Swash" folder in "Swash" target */ = {
			isa = PBXFileSystemSynchronizedBuildFileExceptionSet;
			membershipExceptions = (
				Info.plist,
			);
			target = 0460133F30045F6800853817 /* Swash */;
		};
		0460137730045F6800853817 /* Exceptions for "Swash" folder in "SwashQuickLookExtension" target */ = {
			isa = PBXFileSystemSynchronizedBuildFileExceptionSet;
			membershipExceptions = (
				DefaultAppManager.swift,
				Info.plist,
				ServicesProvider.swift,
				SettingsView.swift,
				SparkleUpdater.swift,
				SwashApp.swift,
				SwashAppIntents.swift,
			);
			target = 0460137330045F6800853817 /* SwashQuickLookExtension */;
		};
		0460137E30045F6800853817 /* Exceptions for "SwashQuickLookExtension" folder in "SwashQuickLookExtension" target */ = {
			isa = PBXFileSystemSynchronizedBuildFileExceptionSet;
			membershipExceptions = (
				Info.plist,
			);
			target = 0460137330045F6800853817 /* SwashQuickLookExtension */;
		};
		0460138E30045F6800853817 /* Exceptions for "SwashShareExtension" folder in "SwashShareExtension" target */ = {
			isa = PBXFileSystemSynchronizedBuildFileExceptionSet;
			membershipExceptions = (
				Info.plist,
			);
			target = 0460138330045F6800853817 /* SwashShareExtension */;
		};
		0460139E30045F6800853817 /* Exceptions for "SwashThumbnailExtension" folder in "SwashThumbnailExtension" target */ = {
			isa = PBXFileSystemSynchronizedBuildFileExceptionSet;
			membershipExceptions = (
				Info.plist,
			);
			target = 0460139330045F6800853817 /* SwashThumbnailExtension */;
		};
		046013AE30045F6800853817 /* Exceptions for "SwashWidgetExtension" folder in "SwashWidgetExtension" target */ = {
			isa = PBXFileSystemSynchronizedBuildFileExceptionSet;
			membershipExceptions = (
				Info.plist,
			);
			target = 046013A330045F6800853817 /* SwashWidgetExtension */;
		};
/* End PBXFileSystemSynchronizedBuildFileExceptionSet section */

/* Begin PBXFileSystemSynchronizedRootGroup section */
		0460134230045F6800853817 /* Swash */ = {
			isa = PBXFileSystemSynchronizedRootGroup;
			exceptions = (
				0460134C30045F6A00853817 /* Exceptions for "Swash" folder in "Swash" target */,
				0460137730045F6800853817 /* Exceptions for "Swash" folder in "SwashQuickLookExtension" target */,
			);
			path = Swash;
			sourceTree = "<group>";
		};
		0460137630045F6800853817 /* SwashQuickLookExtension */ = {
			isa = PBXFileSystemSynchronizedRootGroup;
			exceptions = (
				0460137E30045F6800853817 /* Exceptions for "SwashQuickLookExtension" folder in "SwashQuickLookExtension" target */,
			);
			path = SwashQuickLookExtension;
			sourceTree = "<group>";
		};
		0460138630045F6800853817 /* SwashShareExtension */ = {
			isa = PBXFileSystemSynchronizedRootGroup;
			exceptions = (
				0460138E30045F6800853817 /* Exceptions for "SwashShareExtension" folder in "SwashShareExtension" target */,
			);
			path = SwashShareExtension;
			sourceTree = "<group>";
		};
		0460139630045F6800853817 /* SwashThumbnailExtension */ = {
			isa = PBXFileSystemSynchronizedRootGroup;
			exceptions = (
				0460139E30045F6800853817 /* Exceptions for "SwashThumbnailExtension" folder in "SwashThumbnailExtension" target */,
			);
			path = SwashThumbnailExtension;
			sourceTree = "<group>";
		};
		046013A630045F6800853817 /* SwashWidgetExtension */ = {
			isa = PBXFileSystemSynchronizedRootGroup;
			exceptions = (
				046013AE30045F6800853817 /* Exceptions for "SwashWidgetExtension" folder in "SwashWidgetExtension" target */,
			);
			path = SwashWidgetExtension;
			sourceTree = "<group>";
		};
/* End PBXFileSystemSynchronizedRootGroup section */

/* Begin PBXFrameworksBuildPhase section */
		0460133D30045F6800853817 /* Frameworks */ = {
			isa = PBXFrameworksBuildPhase;
			buildActionMask = 2147483647;
			files = (
				0460136230045F6A00853817 /* Sparkle in Frameworks */,
			);
			runOnlyForDeploymentPostprocessing = 0;
		};
		0460137930045F6800853817 /* Frameworks */ = {
			isa = PBXFrameworksBuildPhase;
			buildActionMask = 2147483647;
			files = (
			);
			runOnlyForDeploymentPostprocessing = 0;
		};
/* End PBXFrameworksBuildPhase section */

/* Begin PBXGroup section */
		0460133730045F6800853817 = {
			isa = PBXGroup;
			children = (
				0460134230045F6800853817 /* Swash */,
				0460137630045F6800853817 /* SwashQuickLookExtension */,
				0460138630045F6800853817 /* SwashShareExtension */,
				0460139630045F6800853817 /* SwashThumbnailExtension */,
				046013A630045F6800853817 /* SwashWidgetExtension */,
				0460134130045F6800853817 /* Products */,
			);
			sourceTree = "<group>";
		};
		0460134130045F6800853817 /* Products */ = {
			isa = PBXGroup;
			children = (
				0460134030045F6800853817 /* Swash.app */,
				0460137030045F6800853817 /* SwashQuickLookExtension.appex */,
				0460138030045F6800853817 /* SwashShareExtension.appex */,
				0460139030045F6800853817 /* SwashThumbnailExtension.appex */,
				046013A030045F6800853817 /* SwashWidgetExtension.appex */,
			);
			name = Products;
			sourceTree = "<group>";
		};
/* End PBXGroup section */

/* Begin PBXNativeTarget section */
		0460133F30045F6800853817 /* Swash */ = {
			isa = PBXNativeTarget;
			buildConfigurationList = 0460134D30045F6A00853817 /* Build configuration list for PBXNativeTarget "Swash" */;
			buildPhases = (
				0460135230045F6A00853817 /* Auto Increment Build Number */,
				0460133C30045F6800853817 /* Sources */,
				0460133D30045F6800853817 /* Frameworks */,
				0460133E30045F6800853817 /* Resources */,
				0460137530045F6800853817 /* Embed App Extensions */,
			);
			buildRules = (
			);
			dependencies = (
				0460137430045F6800853817 /* PBXTargetDependency */,
				0460138430045F6800853817 /* PBXTargetDependency */,
				0460139430045F6800853817 /* PBXTargetDependency */,
				046013A430045F6800853817 /* PBXTargetDependency */,
			);
			fileSystemSynchronizedGroups = (
				0460134230045F6800853817 /* Swash */,
			);
			name = Swash;
			packageProductDependencies = (
				0460136130045F6A00853817 /* Sparkle */,
			);
			productName = Swash;
			productReference = 0460134030045F6800853817 /* Swash.app */;
			productType = "com.apple.product-type.application";
		};
		0460137330045F6800853817 /* SwashQuickLookExtension */ = {
			isa = PBXNativeTarget;
			buildConfigurationList = 0460137A30045F6800853817 /* Build configuration list for PBXNativeTarget "SwashQuickLookExtension" */;
			buildPhases = (
				0460137830045F6800853817 /* Sources */,
				0460137930045F6800853817 /* Frameworks */,
				0460137B30045F6800853817 /* Resources */,
			);
			buildRules = (
			);
			dependencies = (
			);
			fileSystemSynchronizedGroups = (
				0460134230045F6800853817 /* Swash */,
				0460137630045F6800853817 /* SwashQuickLookExtension */,
			);
			name = SwashQuickLookExtension;
			productName = SwashQuickLookExtension;
			productReference = 0460137030045F6800853817 /* SwashQuickLookExtension.appex */;
			productType = "com.apple.product-type.app-extension";
		};
		0460138330045F6800853817 /* SwashShareExtension */ = {
			isa = PBXNativeTarget;
			buildConfigurationList = 0460138A30045F6800853817 /* Build configuration list for PBXNativeTarget "SwashShareExtension" */;
			buildPhases = (
				0460138830045F6800853817 /* Sources */,
				0460138930045F6800853817 /* Frameworks */,
				0460138B30045F6800853817 /* Resources */,
			);
			buildRules = (
			);
			dependencies = (
			);
			fileSystemSynchronizedGroups = (
				0460138630045F6800853817 /* SwashShareExtension */,
			);
			name = SwashShareExtension;
			productName = SwashShareExtension;
			productReference = 0460138030045F6800853817 /* SwashShareExtension.appex */;
			productType = "com.apple.product-type.app-extension";
		};
		0460139330045F6800853817 /* SwashThumbnailExtension */ = {
			isa = PBXNativeTarget;
			buildConfigurationList = 0460139A30045F6800853817 /* Build configuration list for PBXNativeTarget "SwashThumbnailExtension" */;
			buildPhases = (
				0460139830045F6800853817 /* Sources */,
				0460139930045F6800853817 /* Frameworks */,
				0460139B30045F6800853817 /* Resources */,
			);
			buildRules = (
			);
			dependencies = (
			);
			fileSystemSynchronizedGroups = (
				0460139630045F6800853817 /* SwashThumbnailExtension */,
			);
			name = SwashThumbnailExtension;
			productName = SwashThumbnailExtension;
			productReference = 0460139030045F6800853817 /* SwashThumbnailExtension.appex */;
			productType = "com.apple.product-type.app-extension";
		};
		046013A330045F6800853817 /* SwashWidgetExtension */ = {
			isa = PBXNativeTarget;
			buildConfigurationList = 046013AA30045F6800853817 /* Build configuration list for PBXNativeTarget "SwashWidgetExtension" */;
			buildPhases = (
				046013A830045F6800853817 /* Sources */,
				046013A930045F6800853817 /* Frameworks */,
				046013AB30045F6800853817 /* Resources */,
			);
			buildRules = (
			);
			dependencies = (
			);
			fileSystemSynchronizedGroups = (
				046013A630045F6800853817 /* SwashWidgetExtension */,
			);
			name = SwashWidgetExtension;
			productName = SwashWidgetExtension;
			productReference = 046013A030045F6800853817 /* SwashWidgetExtension.appex */;
			productType = "com.apple.product-type.app-extension";
		};
/* End PBXNativeTarget section */

/* Begin PBXProject section */
		0460133830045F6800853817 /* Project object */ = {
			isa = PBXProject;
			attributes = {
				BuildIndependentTargetsInParallel = 1;
				LastSwiftUpdateCheck = 2630;
				LastUpgradeCheck = 2630;
				TargetAttributes = {
					0460133F30045F6800853817 = {
						CreatedOnToolsVersion = 26.3;
					};
					0460137330045F6800853817 = {
						CreatedOnToolsVersion = 26.3;
					};
					0460138330045F6800853817 = {
						CreatedOnToolsVersion = 26.3;
					};
					0460139330045F6800853817 = {
						CreatedOnToolsVersion = 26.3;
					};
					046013A330045F6800853817 = {
						CreatedOnToolsVersion = 26.3;
					};
				};
			};
			buildConfigurationList = 0460133B30045F6800853817 /* Build configuration list for PBXProject "Swash" */;
			developmentRegion = en;
			hasScannedForEncodings = 0;
			knownRegions = (
				en,
				Base,
			);
			mainGroup = 0460133730045F6800853817;
			minimizedProjectReferenceProxies = 1;
			packageReferences = (
				0460136030045F6A00853817 /* XCRemoteSwiftPackageReference "Sparkle" */,
			);
			preferredProjectObjectVersion = 77;
			productRefGroup = 0460134130045F6800853817 /* Products */;
			projectDirPath = "";
			projectRoot = "";
			targets = (
				0460133F30045F6800853817 /* Swash */,
				0460137330045F6800853817 /* SwashQuickLookExtension */,
				0460138330045F6800853817 /* SwashShareExtension */,
				0460139330045F6800853817 /* SwashThumbnailExtension */,
				046013A330045F6800853817 /* SwashWidgetExtension */,
			);
		};
/* End PBXProject section */

/* Begin PBXResourcesBuildPhase section */
		0460133E30045F6800853817 /* Resources */ = {
			isa = PBXResourcesBuildPhase;
			buildActionMask = 2147483647;
			files = (
			);
			runOnlyForDeploymentPostprocessing = 0;
		};
		0460137B30045F6800853817 /* Resources */ = {
			isa = PBXResourcesBuildPhase;
			buildActionMask = 2147483647;
			files = (
			);
			runOnlyForDeploymentPostprocessing = 0;
		};
		0460138B30045F6800853817 /* Resources */ = {
			isa = PBXResourcesBuildPhase;
			buildActionMask = 2147483647;
			files = (
			);
			runOnlyForDeploymentPostprocessing = 0;
		};
		0460139B30045F6800853817 /* Resources */ = {
			isa = PBXResourcesBuildPhase;
			buildActionMask = 2147483647;
			files = (
			);
			runOnlyForDeploymentPostprocessing = 0;
		};
		046013AB30045F6800853817 /* Resources */ = {
			isa = PBXResourcesBuildPhase;
			buildActionMask = 2147483647;
			files = (
			);
			runOnlyForDeploymentPostprocessing = 0;
		};
/* End PBXResourcesBuildPhase section */

/* Begin PBXShellScriptBuildPhase section */
		0460135230045F6A00853817 /* Auto Increment Build Number */ = {
			isa = PBXShellScriptBuildPhase;
			buildActionMask = 2147483647;
			files = (
			);
			inputFileListPaths = (
			);
			inputPaths = (
			);
			name = "Auto Increment Build Number";
			outputFileListPaths = (
			);
			outputPaths = (
			);
			runOnlyForDeploymentPostprocessing = 0;
			shellPath = /bin/sh;
			shellScript = "if [ -z \"$CI\" ] && command -v git >/dev/null 2>&1; then\n  BUILD_NUMBER=$(git rev-list --count HEAD 2>/dev/null || echo \"1\")\n  if [ -n \"$BUILD_NUMBER\" ]; then\n    /usr/libexec/PlistBuddy -c \"Set :CFBundleVersion $BUILD_NUMBER\" \"${SRCROOT}/Swash/Info.plist\" 2>/dev/null || /usr/libexec/PlistBuddy -c \"Add :CFBundleVersion string $BUILD_NUMBER\" \"${SRCROOT}/Swash/Info.plist\" 2>/dev/null || true\n  fi\nfi\n";
		};
/* End PBXShellScriptBuildPhase section */

/* Begin PBXSourcesBuildPhase section */
		0460133C30045F6800853817 /* Sources */ = {
			isa = PBXSourcesBuildPhase;
			buildActionMask = 2147483647;
			files = (
			);
			runOnlyForDeploymentPostprocessing = 0;
		};
		0460137830045F6800853817 /* Sources */ = {
			isa = PBXSourcesBuildPhase;
			buildActionMask = 2147483647;
			files = (
			);
			runOnlyForDeploymentPostprocessing = 0;
		};
		0460138830045F6800853817 /* Sources */ = {
			isa = PBXSourcesBuildPhase;
			buildActionMask = 2147483647;
			files = (
			);
			runOnlyForDeploymentPostprocessing = 0;
		};
		0460139830045F6800853817 /* Sources */ = {
			isa = PBXSourcesBuildPhase;
			buildActionMask = 2147483647;
			files = (
			);
			runOnlyForDeploymentPostprocessing = 0;
		};
		046013A830045F6800853817 /* Sources */ = {
			isa = PBXSourcesBuildPhase;
			buildActionMask = 2147483647;
			files = (
			);
			runOnlyForDeploymentPostprocessing = 0;
		};
/* End PBXSourcesBuildPhase section */

/* Begin PBXTargetDependency section */
		0460137430045F6800853817 /* PBXTargetDependency */ = {
			isa = PBXTargetDependency;
			target = 0460137330045F6800853817 /* SwashQuickLookExtension */;
			targetProxy = 0460137230045F6800853817 /* PBXContainerItemProxy */;
		};
		0460138430045F6800853817 /* PBXTargetDependency */ = {
			isa = PBXTargetDependency;
			target = 0460138330045F6800853817 /* SwashShareExtension */;
			targetProxy = 0460138230045F6800853817 /* PBXContainerItemProxy */;
		};
		0460139430045F6800853817 /* PBXTargetDependency */ = {
			isa = PBXTargetDependency;
			target = 0460139330045F6800853817 /* SwashThumbnailExtension */;
			targetProxy = 0460139230045F6800853817 /* PBXContainerItemProxy */;
		};
		046013A430045F6800853817 /* PBXTargetDependency */ = {
			isa = PBXTargetDependency;
			target = 046013A330045F6800853817 /* SwashWidgetExtension */;
			targetProxy = 046013A230045F6800853817 /* PBXContainerItemProxy */;
		};
/* End PBXTargetDependency section */

/* Begin XCBuildConfiguration section */
		0460134E30045F6A00853817 /* Debug */ = {
			isa = XCBuildConfiguration;
			buildSettings = {
				ASSETCATALOG_COMPILER_APPICON_NAME = AppIcon;
				ASSETCATALOG_COMPILER_GLOBAL_ACCENT_COLOR_NAME = AccentColor;
				CODE_SIGN_STYLE = Automatic;
				COMBINE_HIDPI_IMAGES = YES;
				CURRENT_PROJECT_VERSION = 27;
				ENABLE_APP_SANDBOX = YES;
				ENABLE_PREVIEWS = YES;
				ENABLE_USER_SELECTED_FILES = readwrite;
				GENERATE_INFOPLIST_FILE = YES;
				INFOPLIST_FILE = Swash/Info.plist;
				INFOPLIST_KEY_NSHumanReadableCopyright = "";
				LD_RUNPATH_SEARCH_PATHS = (
					"$(inherited)",
					"@executable_path/../Frameworks",
				);
				MARKETING_VERSION = 1.0;
				PRODUCT_BUNDLE_IDENTIFIER = com.surrealroad.Swash;
				PRODUCT_NAME = "$(TARGET_NAME)";
				REGISTER_APP_GROUPS = YES;
				STRING_CATALOG_GENERATE_SYMBOLS = YES;
				SWIFT_APPROACHABLE_CONCURRENCY = YES;
				SWIFT_DEFAULT_ACTOR_ISOLATION = MainActor;
				SWIFT_EMIT_LOC_STRINGS = YES;
				SWIFT_UPCOMING_FEATURE_MEMBER_IMPORT_VISIBILITY = YES;
				SWIFT_VERSION = 5.0;
			};
			name = Debug;
		};
		0460134F30045F6A00853817 /* Release */ = {
			isa = XCBuildConfiguration;
			buildSettings = {
				ASSETCATALOG_COMPILER_APPICON_NAME = AppIcon;
				ASSETCATALOG_COMPILER_GLOBAL_ACCENT_COLOR_NAME = AccentColor;
				CODE_SIGN_STYLE = Automatic;
				COMBINE_HIDPI_IMAGES = YES;
				CURRENT_PROJECT_VERSION = 27;
				ENABLE_APP_SANDBOX = YES;
				ENABLE_PREVIEWS = YES;
				ENABLE_USER_SELECTED_FILES = readwrite;
				GENERATE_INFOPLIST_FILE = YES;
				INFOPLIST_FILE = Swash/Info.plist;
				INFOPLIST_KEY_NSHumanReadableCopyright = "";
				LD_RUNPATH_SEARCH_PATHS = (
					"$(inherited)",
					"@executable_path/../Frameworks",
				);
				MARKETING_VERSION = 1.0;
				PRODUCT_BUNDLE_IDENTIFIER = com.surrealroad.Swash;
				PRODUCT_NAME = "$(TARGET_NAME)";
				REGISTER_APP_GROUPS = YES;
				STRING_CATALOG_GENERATE_SYMBOLS = YES;
				SWIFT_APPROACHABLE_CONCURRENCY = YES;
				SWIFT_DEFAULT_ACTOR_ISOLATION = MainActor;
				SWIFT_EMIT_LOC_STRINGS = YES;
				SWIFT_UPCOMING_FEATURE_MEMBER_IMPORT_VISIBILITY = YES;
				SWIFT_VERSION = 5.0;
			};
			name = Release;
		};
		0460135030045F6A00853817 /* Debug */ = {
			isa = XCBuildConfiguration;
			buildSettings = {
				ALWAYS_SEARCH_USER_PATHS = NO;
				ASSETCATALOG_COMPILER_GENERATE_SWIFT_ASSET_SYMBOL_EXTENSIONS = YES;
				CLANG_ANALYZER_NONNULL = YES;
				CLANG_ANALYZER_NUMBER_OBJECT_CONVERSION = YES_AGGRESSIVE;
				CLANG_CXX_LANGUAGE_STANDARD = "gnu++20";
				CLANG_ENABLE_MODULES = YES;
				CLANG_ENABLE_OBJC_ARC = YES;
				CLANG_ENABLE_OBJC_WEAK = YES;
				CLANG_WARN_BLOCK_CAPTURE_AUTORELEASING = YES;
				CLANG_WARN_BOOL_CONVERSION = YES;
				CLANG_WARN_COMMA = YES;
				CLANG_WARN_CONSTANT_CONVERSION = YES;
				CLANG_WARN_DEPRECATED_OBJC_IMPLEMENTATIONS = YES;
				CLANG_WARN_DIRECT_OBJC_ISA_USAGE = YES_ERROR;
				CLANG_WARN_DOCUMENTATION_COMMENTS = YES;
				CLANG_WARN_EMPTY_BODY = YES;
				CLANG_WARN_ENUM_CONVERSION = YES;
				CLANG_WARN_INFINITE_RECURSION = YES;
				CLANG_WARN_INT_CONVERSION = YES;
				CLANG_WARN_NON_LITERAL_NULL_CONVERSION = YES;
				CLANG_WARN_OBJC_IMPLICIT_RETAIN_SELF = YES;
				CLANG_WARN_OBJC_LITERAL_CONVERSION = YES;
				CLANG_WARN_OBJC_ROOT_CLASS = YES_ERROR;
				CLANG_WARN_QUOTED_INCLUDE_IN_FRAMEWORK_HEADER = YES;
				CLANG_WARN_RANGE_LOOP_ANALYSIS = YES;
				CLANG_WARN_STRICT_PROTOTYPES = YES;
				CLANG_WARN_SUSPICIOUS_MOVE = YES;
				CLANG_WARN_UNGUARDED_AVAILABILITY = YES_AGGRESSIVE;
				CLANG_WARN_UNREACHABLE_CODE = YES;
				CLANG_WARN__DUPLICATE_METHOD_MATCH = YES;
				COPY_PHASE_STRIP = NO;
				DEBUG_INFORMATION_FORMAT = dwarf;
				ENABLE_STRICT_OBJC_MSGSEND = YES;
				ENABLE_TESTABILITY = YES;
				ENABLE_USER_SCRIPT_SANDBOXING = YES;
				GCC_C_LANGUAGE_STANDARD = gnu17;
				GCC_DYNAMIC_NO_PIC = NO;
				GCC_NO_COMMON_BLOCKS = YES;
				GCC_OPTIMIZATION_LEVEL = 0;
				GCC_PREPROCESSOR_DEFINITIONS = (
					"DEBUG=1",
					"$(inherited)",
				);
				GCC_WARN_64_TO_32_BIT_CONVERSION = YES;
				GCC_WARN_ABOUT_RETURN_TYPE = YES_ERROR;
				GCC_WARN_UNDECLARED_SELECTOR = YES;
				GCC_WARN_UNINITIALIZED_AUTOS = YES_AGGRESSIVE;
				GCC_WARN_UNUSED_FUNCTION = YES;
				GCC_WARN_UNUSED_VARIABLE = YES;
				LOCALIZATION_PREFERS_STRING_CATALOGS = YES;
				MACOSX_DEPLOYMENT_TARGET = 15.7;
				MTL_ENABLE_DEBUG_INFO = INCLUDE_SOURCE;
				MTL_FAST_MATH = YES;
				ONLY_ACTIVE_ARCH = YES;
				SDKROOT = macosx;
				SWIFT_ACTIVE_COMPILATION_CONDITIONS = "DEBUG $(inherited)";
				SWIFT_OPTIMIZATION_LEVEL = "-Onone";
			};
			name = Debug;
		};
		0460135130045F6A00853817 /* Release */ = {
			isa = XCBuildConfiguration;
			buildSettings = {
				ALWAYS_SEARCH_USER_PATHS = NO;
				ASSETCATALOG_COMPILER_GENERATE_SWIFT_ASSET_SYMBOL_EXTENSIONS = YES;
				CLANG_ANALYZER_NONNULL = YES;
				CLANG_ANALYZER_NUMBER_OBJECT_CONVERSION = YES_AGGRESSIVE;
				CLANG_CXX_LANGUAGE_STANDARD = "gnu++20";
				CLANG_ENABLE_MODULES = YES;
				CLANG_ENABLE_OBJC_ARC = YES;
				CLANG_ENABLE_OBJC_WEAK = YES;
				CLANG_WARN_BLOCK_CAPTURE_AUTORELEASING = YES;
				CLANG_WARN_BOOL_CONVERSION = YES;
				CLANG_WARN_COMMA = YES;
				CLANG_WARN_CONSTANT_CONVERSION = YES;
				CLANG_WARN_DEPRECATED_OBJC_IMPLEMENTATIONS = YES;
				CLANG_WARN_DIRECT_OBJC_ISA_USAGE = YES_ERROR;
				CLANG_WARN_DOCUMENTATION_COMMENTS = YES;
				CLANG_WARN_EMPTY_BODY = YES;
				CLANG_WARN_ENUM_CONVERSION = YES;
				CLANG_WARN_INFINITE_RECURSION = YES;
				CLANG_WARN_INT_CONVERSION = YES;
				CLANG_WARN_NON_LITERAL_NULL_CONVERSION = YES;
				CLANG_WARN_OBJC_IMPLICIT_RETAIN_SELF = YES;
				CLANG_WARN_OBJC_LITERAL_CONVERSION = YES;
				CLANG_WARN_OBJC_ROOT_CLASS = YES_ERROR;
				CLANG_WARN_QUOTED_INCLUDE_IN_FRAMEWORK_HEADER = YES;
				CLANG_WARN_RANGE_LOOP_ANALYSIS = YES;
				CLANG_WARN_STRICT_PROTOTYPES = YES;
				CLANG_WARN_SUSPICIOUS_MOVE = YES;
				CLANG_WARN_UNGUARDED_AVAILABILITY = YES_AGGRESSIVE;
				CLANG_WARN_UNREACHABLE_CODE = YES;
				CLANG_WARN__DUPLICATE_METHOD_MATCH = YES;
				COPY_PHASE_STRIP = NO;
				DEBUG_INFORMATION_FORMAT = "dwarf-with-dsym";
				ENABLE_NS_ASSERTIONS = NO;
				ENABLE_STRICT_OBJC_MSGSEND = YES;
				ENABLE_USER_SCRIPT_SANDBOXING = YES;
				GCC_C_LANGUAGE_STANDARD = gnu17;
				GCC_NO_COMMON_BLOCKS = YES;
				GCC_WARN_64_TO_32_BIT_CONVERSION = YES;
				GCC_WARN_ABOUT_RETURN_TYPE = YES_ERROR;
				GCC_WARN_UNDECLARED_SELECTOR = YES;
				GCC_WARN_UNINITIALIZED_AUTOS = YES_AGGRESSIVE;
				GCC_WARN_UNUSED_FUNCTION = YES;
				GCC_WARN_UNUSED_VARIABLE = YES;
				LOCALIZATION_PREFERS_STRING_CATALOGS = YES;
				MACOSX_DEPLOYMENT_TARGET = 15.7;
				MTL_ENABLE_DEBUG_INFO = NO;
				MTL_FAST_MATH = YES;
				SDKROOT = macosx;
				SWIFT_COMPILATION_MODE = wholemodule;
			};
			name = Release;
		};
		0460137C30045F6800853817 /* Debug */ = {
			isa = XCBuildConfiguration;
			buildSettings = {
				CODE_SIGN_STYLE = Automatic;
				COMBINE_HIDPI_IMAGES = YES;
				CURRENT_PROJECT_VERSION = 27;
				ENABLE_APP_SANDBOX = YES;
				GENERATE_INFOPLIST_FILE = NO;
				INFOPLIST_FILE = SwashQuickLookExtension/Info.plist;
				INFOPLIST_KEY_NSHumanReadableCopyright = "";
				LD_RUNPATH_SEARCH_PATHS = (
					"$(inherited)",
					"@executable_path/../Frameworks",
					"@executable_path/../../Contents/Frameworks",
				);
				MARKETING_VERSION = 1.0;
				PRODUCT_BUNDLE_IDENTIFIER = com.surrealroad.Swash.QuickLookExtension;
				PRODUCT_MODULE_NAME = SwashQuickLookExtension;
				PRODUCT_NAME = "$(TARGET_NAME)";
				SKIP_INSTALL = YES;
				STRING_CATALOG_GENERATE_SYMBOLS = YES;
				SWIFT_APPROACHABLE_CONCURRENCY = YES;
				SWIFT_DEFAULT_ACTOR_ISOLATION = MainActor;
				SWIFT_EMIT_LOC_STRINGS = YES;
				SWIFT_UPCOMING_FEATURE_MEMBER_IMPORT_VISIBILITY = YES;
				SWIFT_VERSION = 5.0;
			};
			name = Debug;
		};
		0460137D30045F6800853817 /* Release */ = {
			isa = XCBuildConfiguration;
			buildSettings = {
				CODE_SIGN_STYLE = Automatic;
				COMBINE_HIDPI_IMAGES = YES;
				CURRENT_PROJECT_VERSION = 27;
				ENABLE_APP_SANDBOX = YES;
				GENERATE_INFOPLIST_FILE = NO;
				INFOPLIST_FILE = SwashQuickLookExtension/Info.plist;
				INFOPLIST_KEY_NSHumanReadableCopyright = "";
				LD_RUNPATH_SEARCH_PATHS = (
					"$(inherited)",
					"@executable_path/../Frameworks",
					"@executable_path/../../Contents/Frameworks",
				);
				MARKETING_VERSION = 1.0;
				PRODUCT_BUNDLE_IDENTIFIER = com.surrealroad.Swash.QuickLookExtension;
				PRODUCT_MODULE_NAME = SwashQuickLookExtension;
				PRODUCT_NAME = "$(TARGET_NAME)";
				SKIP_INSTALL = YES;
				STRING_CATALOG_GENERATE_SYMBOLS = YES;
				SWIFT_APPROACHABLE_CONCURRENCY = YES;
				SWIFT_DEFAULT_ACTOR_ISOLATION = MainActor;
				SWIFT_EMIT_LOC_STRINGS = YES;
				SWIFT_UPCOMING_FEATURE_MEMBER_IMPORT_VISIBILITY = YES;
				SWIFT_VERSION = 5.0;
			};
			name = Release;
		};
		0460138C30045F6800853817 /* Debug */ = {
			isa = XCBuildConfiguration;
			buildSettings = {
				CODE_SIGN_STYLE = Automatic;
				COMBINE_HIDPI_IMAGES = YES;
				CURRENT_PROJECT_VERSION = 27;
				ENABLE_APP_SANDBOX = YES;
				GENERATE_INFOPLIST_FILE = NO;
				INFOPLIST_FILE = SwashShareExtension/Info.plist;
				INFOPLIST_KEY_NSHumanReadableCopyright = "";
				LD_RUNPATH_SEARCH_PATHS = (
					"$(inherited)",
					"@executable_path/../Frameworks",
					"@executable_path/../../Contents/Frameworks",
				);
				MARKETING_VERSION = 1.0;
				PRODUCT_BUNDLE_IDENTIFIER = com.surrealroad.Swash.ShareExtension;
				PRODUCT_MODULE_NAME = SwashShareExtension;
				PRODUCT_NAME = "$(TARGET_NAME)";
				SKIP_INSTALL = YES;
				STRING_CATALOG_GENERATE_SYMBOLS = YES;
				SWIFT_APPROACHABLE_CONCURRENCY = YES;
				SWIFT_DEFAULT_ACTOR_ISOLATION = MainActor;
				SWIFT_EMIT_LOC_STRINGS = YES;
				SWIFT_UPCOMING_FEATURE_MEMBER_IMPORT_VISIBILITY = YES;
				SWIFT_VERSION = 5.0;
			};
			name = Debug;
		};
		0460138D30045F6800853817 /* Release */ = {
			isa = XCBuildConfiguration;
			buildSettings = {
				CODE_SIGN_STYLE = Automatic;
				COMBINE_HIDPI_IMAGES = YES;
				CURRENT_PROJECT_VERSION = 27;
				ENABLE_APP_SANDBOX = YES;
				GENERATE_INFOPLIST_FILE = NO;
				INFOPLIST_FILE = SwashShareExtension/Info.plist;
				INFOPLIST_KEY_NSHumanReadableCopyright = "";
				LD_RUNPATH_SEARCH_PATHS = (
					"$(inherited)",
					"@executable_path/../Frameworks",
					"@executable_path/../../Contents/Frameworks",
				);
				MARKETING_VERSION = 1.0;
				PRODUCT_BUNDLE_IDENTIFIER = com.surrealroad.Swash.ShareExtension;
				PRODUCT_MODULE_NAME = SwashShareExtension;
				PRODUCT_NAME = "$(TARGET_NAME)";
				SKIP_INSTALL = YES;
				STRING_CATALOG_GENERATE_SYMBOLS = YES;
				SWIFT_APPROACHABLE_CONCURRENCY = YES;
				SWIFT_DEFAULT_ACTOR_ISOLATION = MainActor;
				SWIFT_EMIT_LOC_STRINGS = YES;
				SWIFT_UPCOMING_FEATURE_MEMBER_IMPORT_VISIBILITY = YES;
				SWIFT_VERSION = 5.0;
			};
			name = Release;
		};
		0460139C30045F6800853817 /* Debug */ = {
			isa = XCBuildConfiguration;
			buildSettings = {
				CODE_SIGN_STYLE = Automatic;
				COMBINE_HIDPI_IMAGES = YES;
				CURRENT_PROJECT_VERSION = 27;
				ENABLE_APP_SANDBOX = YES;
				GENERATE_INFOPLIST_FILE = NO;
				INFOPLIST_FILE = SwashThumbnailExtension/Info.plist;
				INFOPLIST_KEY_NSHumanReadableCopyright = "";
				LD_RUNPATH_SEARCH_PATHS = (
					"$(inherited)",
					"@executable_path/../Frameworks",
					"@executable_path/../../Contents/Frameworks",
				);
				MARKETING_VERSION = 1.0;
				PRODUCT_BUNDLE_IDENTIFIER = com.surrealroad.Swash.ThumbnailExtension;
				PRODUCT_MODULE_NAME = SwashThumbnailExtension;
				PRODUCT_NAME = "$(TARGET_NAME)";
				SKIP_INSTALL = YES;
				STRING_CATALOG_GENERATE_SYMBOLS = YES;
				SWIFT_APPROACHABLE_CONCURRENCY = YES;
				SWIFT_DEFAULT_ACTOR_ISOLATION = MainActor;
				SWIFT_EMIT_LOC_STRINGS = YES;
				SWIFT_UPCOMING_FEATURE_MEMBER_IMPORT_VISIBILITY = YES;
				SWIFT_VERSION = 5.0;
			};
			name = Debug;
		};
		0460139D30045F6800853817 /* Release */ = {
			isa = XCBuildConfiguration;
			buildSettings = {
				CODE_SIGN_STYLE = Automatic;
				COMBINE_HIDPI_IMAGES = YES;
				CURRENT_PROJECT_VERSION = 27;
				ENABLE_APP_SANDBOX = YES;
				GENERATE_INFOPLIST_FILE = NO;
				INFOPLIST_FILE = SwashThumbnailExtension/Info.plist;
				INFOPLIST_KEY_NSHumanReadableCopyright = "";
				LD_RUNPATH_SEARCH_PATHS = (
					"$(inherited)",
					"@executable_path/../Frameworks",
					"@executable_path/../../Contents/Frameworks",
				);
				MARKETING_VERSION = 1.0;
				PRODUCT_BUNDLE_IDENTIFIER = com.surrealroad.Swash.ThumbnailExtension;
				PRODUCT_MODULE_NAME = SwashThumbnailExtension;
				PRODUCT_NAME = "$(TARGET_NAME)";
				SKIP_INSTALL = YES;
				STRING_CATALOG_GENERATE_SYMBOLS = YES;
				SWIFT_APPROACHABLE_CONCURRENCY = YES;
				SWIFT_DEFAULT_ACTOR_ISOLATION = MainActor;
				SWIFT_EMIT_LOC_STRINGS = YES;
				SWIFT_UPCOMING_FEATURE_MEMBER_IMPORT_VISIBILITY = YES;
				SWIFT_VERSION = 5.0;
			};
			name = Release;
		};
		046013AC30045F6800853817 /* Debug */ = {
			isa = XCBuildConfiguration;
			buildSettings = {
				CODE_SIGN_STYLE = Automatic;
				COMBINE_HIDPI_IMAGES = YES;
				CURRENT_PROJECT_VERSION = 27;
				ENABLE_APP_SANDBOX = YES;
				GENERATE_INFOPLIST_FILE = NO;
				INFOPLIST_FILE = SwashWidgetExtension/Info.plist;
				INFOPLIST_KEY_NSHumanReadableCopyright = "";
				LD_RUNPATH_SEARCH_PATHS = (
					"$(inherited)",
					"@executable_path/../Frameworks",
					"@executable_path/../../Contents/Frameworks",
				);
				MARKETING_VERSION = 1.0;
				PRODUCT_BUNDLE_IDENTIFIER = com.surrealroad.Swash.WidgetExtension;
				PRODUCT_MODULE_NAME = SwashWidgetExtension;
				PRODUCT_NAME = "$(TARGET_NAME)";
				SKIP_INSTALL = YES;
				STRING_CATALOG_GENERATE_SYMBOLS = YES;
				SWIFT_APPROACHABLE_CONCURRENCY = YES;
				SWIFT_DEFAULT_ACTOR_ISOLATION = MainActor;
				SWIFT_EMIT_LOC_STRINGS = YES;
				SWIFT_UPCOMING_FEATURE_MEMBER_IMPORT_VISIBILITY = YES;
				SWIFT_VERSION = 5.0;
			};
			name = Debug;
		};
		046013AD30045F6800853817 /* Release */ = {
			isa = XCBuildConfiguration;
			buildSettings = {
				CODE_SIGN_STYLE = Automatic;
				COMBINE_HIDPI_IMAGES = YES;
				CURRENT_PROJECT_VERSION = 27;
				ENABLE_APP_SANDBOX = YES;
				GENERATE_INFOPLIST_FILE = NO;
				INFOPLIST_FILE = SwashWidgetExtension/Info.plist;
				INFOPLIST_KEY_NSHumanReadableCopyright = "";
				LD_RUNPATH_SEARCH_PATHS = (
					"$(inherited)",
					"@executable_path/../Frameworks",
					"@executable_path/../../Contents/Frameworks",
				);
				MARKETING_VERSION = 1.0;
				PRODUCT_BUNDLE_IDENTIFIER = com.surrealroad.Swash.WidgetExtension;
				PRODUCT_MODULE_NAME = SwashWidgetExtension;
				PRODUCT_NAME = "$(TARGET_NAME)";
				SKIP_INSTALL = YES;
				STRING_CATALOG_GENERATE_SYMBOLS = YES;
				SWIFT_APPROACHABLE_CONCURRENCY = YES;
				SWIFT_DEFAULT_ACTOR_ISOLATION = MainActor;
				SWIFT_EMIT_LOC_STRINGS = YES;
				SWIFT_UPCOMING_FEATURE_MEMBER_IMPORT_VISIBILITY = YES;
				SWIFT_VERSION = 5.0;
			};
			name = Release;
		};
/* End XCBuildConfiguration section */

/* Begin XCConfigurationList section */
		0460133B30045F6800853817 /* Build configuration list for PBXProject "Swash" */ = {
			isa = XCConfigurationList;
			buildConfigurations = (
				0460135030045F6A00853817 /* Debug */,
				0460135130045F6A00853817 /* Release */,
			);
			defaultConfigurationIsVisible = 0;
			defaultConfigurationName = Release;
		};
		0460134D30045F6A00853817 /* Build configuration list for PBXNativeTarget "Swash" */ = {
			isa = XCConfigurationList;
			buildConfigurations = (
				0460134E30045F6A00853817 /* Debug */,
				0460134F30045F6A00853817 /* Release */,
			);
			defaultConfigurationIsVisible = 0;
			defaultConfigurationName = Release;
		};
		0460137A30045F6800853817 /* Build configuration list for PBXNativeTarget "SwashQuickLookExtension" */ = {
			isa = XCConfigurationList;
			buildConfigurations = (
				0460137C30045F6800853817 /* Debug */,
				0460137D30045F6800853817 /* Release */,
			);
			defaultConfigurationIsVisible = 0;
			defaultConfigurationName = Release;
		};
		0460138A30045F6800853817 /* Build configuration list for PBXNativeTarget "SwashShareExtension" */ = {
			isa = XCConfigurationList;
			buildConfigurations = (
				0460138C30045F6800853817 /* Debug */,
				0460138D30045F6800853817 /* Release */,
			);
			defaultConfigurationIsVisible = 0;
			defaultConfigurationName = Release;
		};
		0460139A30045F6800853817 /* Build configuration list for PBXNativeTarget "SwashThumbnailExtension" */ = {
			isa = XCConfigurationList;
			buildConfigurations = (
				0460139C30045F6800853817 /* Debug */,
				0460139D30045F6800853817 /* Release */,
			);
			defaultConfigurationIsVisible = 0;
			defaultConfigurationName = Release;
		};
		046013AA30045F6800853817 /* Build configuration list for PBXNativeTarget "SwashWidgetExtension" */ = {
			isa = XCConfigurationList;
			buildConfigurations = (
				046013AC30045F6800853817 /* Debug */,
				046013AD30045F6800853817 /* Release */,
			);
			defaultConfigurationIsVisible = 0;
			defaultConfigurationName = Release;
		};
/* End XCConfigurationList section */

/* Begin XCRemoteSwiftPackageReference section */
		0460136030045F6A00853817 /* XCRemoteSwiftPackageReference "Sparkle" */ = {
			isa = XCRemoteSwiftPackageReference;
			repositoryURL = "https://github.com/sparkle-project/Sparkle";
			requirement = {
				kind = upToNextMajorVersion;
				minimumVersion = 2.6.4;
			};
		};
/* End XCRemoteSwiftPackageReference section */

/* Begin XCSwiftPackageProductDependency section */
		0460136130045F6A00853817 /* Sparkle */ = {
			isa = XCSwiftPackageProductDependency;
			package = 0460136030045F6A00853817 /* XCRemoteSwiftPackageReference "Sparkle" */;
			productName = Sparkle;
		};
/* End XCSwiftPackageProductDependency section */
	};
	rootObject = 0460133830045F6800853817 /* Project object */;
}
